// !$*UTF8*$!
{
	archiveVersion = 1;
	classes = {
	};
	objectVersion = 46;
	objects = {

/* Begin PBXBuildFile section */
		D1273BA21838328900250963 /* SonosMusicServiceManager.m in Sources */ = {isa = PBXBuildFile; fileRef = D1273BA11838328900250963 /* SonosMusicServiceManager.m */; };
		D12B67ED183DE0D0000931CB /* MusicServicesOauthLoginViewController.m in Sources */ = {isa = PBXBuildFile; fileRef = D12B67EC183DE0D0000931CB /* MusicServicesOauthLoginViewController.m */; };
		D12B67EF183F23B8000931CB /* rdioServices.xml in Resources */ = {isa = PBXBuildFile; fileRef = D12B67EE183F23B7000931CB /* rdioServices.xml */; };
		D12B67F2183F3D52000931CB /* SonosMusicServicePandora.m in Sources */ = {isa = PBXBuildFile; fileRef = D12B67F1183F3D52000931CB /* SonosMusicServicePandora.m */; };
		D13C83931839DEF900751BC0 /* MusicServicesViewController.m in Sources */ = {isa = PBXBuildFile; fileRef = D13C83921839DEF900751BC0 /* MusicServicesViewController.m */; };
		D13C83961839E40100751BC0 /* MusicServicesLoginViewController.m in Sources */ = {isa = PBXBuildFile; fileRef = D13C83951839E40100751BC0 /* MusicServicesLoginViewController.m */; };
		D14B82D9183023D800F8B7DA /* Foundation.framework in Frameworks */ = {isa = PBXBuildFile; fileRef = D14B82D8183023D800F8B7DA /* Foundation.framework */; };
		D14B82DB183023D800F8B7DA /* CoreGraphics.framework in Frameworks */ = {isa = PBXBuildFile; fileRef = D14B82DA183023D800F8B7DA /* CoreGraphics.framework */; };
		D14B82DD183023D800F8B7DA /* UIKit.framework in Frameworks */ = {isa = PBXBuildFile; fileRef = D14B82DC183023D800F8B7DA /* UIKit.framework */; };
		D14B82E3183023D900F8B7DA /* InfoPlist.strings in Resources */ = {isa = PBXBuildFile; fileRef = D14B82E1183023D900F8B7DA /* InfoPlist.strings */; };
		D14B82E5183023D900F8B7DA /* main.m in Sources */ = {isa = PBXBuildFile; fileRef = D14B82E4183023D900F8B7DA /* main.m */; };
		D14B82E9183023D900F8B7DA /* AppDelegate.m in Sources */ = {isa = PBXBuildFile; fileRef = D14B82E8183023D900F8B7DA /* AppDelegate.m */; };
		D14B82EC183023D900F8B7DA /* Main.storyboard in Resources */ = {isa = PBXBuildFile; fileRef = D14B82EA183023D900F8B7DA /* Main.storyboard */; };
		D14B82EF183023D900F8B7DA /* ViewController.m in Sources */ = {isa = PBXBuildFile; fileRef = D14B82EE183023D900F8B7DA /* ViewController.m */; };
		D14B82F1183023D900F8B7DA /* Images.xcassets in Resources */ = {isa = PBXBuildFile; fileRef = D14B82F0183023D900F8B7DA /* Images.xcassets */; };
		D14B82F8183023D900F8B7DA /* XCTest.framework in Frameworks */ = {isa = PBXBuildFile; fileRef = D14B82F7183023D900F8B7DA /* XCTest.framework */; };
		D14B82F9183023D900F8B7DA /* Foundation.framework in Frameworks */ = {isa = PBXBuildFile; fileRef = D14B82D8183023D800F8B7DA /* Foundation.framework */; };
		D14B82FA183023D900F8B7DA /* UIKit.framework in Frameworks */ = {isa = PBXBuildFile; fileRef = D14B82DC183023D800F8B7DA /* UIKit.framework */; };
		D14B8302183023D900F8B7DA /* InfoPlist.strings in Resources */ = {isa = PBXBuildFile; fileRef = D14B8300183023D900F8B7DA /* InfoPlist.strings */; };
		D14B8304183023D900F8B7DA /* SonosMusicServicesBrowserTests.m in Sources */ = {isa = PBXBuildFile; fileRef = D14B8303183023D900F8B7DA /* SonosMusicServicesBrowserTests.m */; };
		D14B830F1830243B00F8B7DA /* XMLReader.m in Sources */ = {isa = PBXBuildFile; fileRef = D14B830E1830243B00F8B7DA /* XMLReader.m */; };
		D14B83121830244100F8B7DA /* UPNPDiscovery.m in Sources */ = {isa = PBXBuildFile; fileRef = D14B83111830244100F8B7DA /* UPNPDiscovery.m */; };
		D14B831B1830245200F8B7DA /* SonosConnection.m in Sources */ = {isa = PBXBuildFile; fileRef = D14B83141830245200F8B7DA /* SonosConnection.m */; };
		D14B831C1830245200F8B7DA /* SonosController.m in Sources */ = {isa = PBXBuildFile; fileRef = D14B83161830245200F8B7DA /* SonosController.m */; };
		D14B831D1830245200F8B7DA /* SonosInput.m in Sources */ = {isa = PBXBuildFile; fileRef = D14B83181830245200F8B7DA /* SonosInput.m */; };
		D14B831E1830245200F8B7DA /* SonosInputStore.m in Sources */ = {isa = PBXBuildFile; fileRef = D14B831A1830245200F8B7DA /* SonosInputStore.m */; };
		D14B832118302E1B00F8B7DA /* GCDAsyncUdpSocket.m in Sources */ = {isa = PBXBuildFile; fileRef = D14B832018302E1B00F8B7DA /* GCDAsyncUdpSocket.m */; };
		D14B83261830366B00F8B7DA /* SonosMusicService.m in Sources */ = {isa = PBXBuildFile; fileRef = D14B83251830366B00F8B7DA /* SonosMusicService.m */; };
		D14B8329183054E600F8B7DA /* SonosMusicServiceItem.m in Sources */ = {isa = PBXBuildFile; fileRef = D14B8328183054E600F8B7DA /* SonosMusicServiceItem.m */; };
		D14B832C1830595100F8B7DA /* MusicBroswerViewController.m in Sources */ = {isa = PBXBuildFile; fileRef = D14B832B1830595100F8B7DA /* MusicBroswerViewController.m */; };
		D19739AA1839942E00D7EF42 /* SonosMusicServiceItemCollection.m in Sources */ = {isa = PBXBuildFile; fileRef = D19739A91839942E00D7EF42 /* SonosMusicServiceItemCollection.m */; };
		D19739AD1839944400D7EF42 /* SonosMusicServiceItemMedia.m in Sources */ = {isa = PBXBuildFile; fileRef = D19739AC1839944400D7EF42 /* SonosMusicServiceItemMedia.m */; };
		D1E7E171184C0A9A00F3DE38 /* Security.framework in Frameworks */ = {isa = PBXBuildFile; fileRef = D1E7E170184C0A9A00F3DE38 /* Security.framework */; };
		D1E7E173184C0C3F00F3DE38 /* blowfish.c in Sources */ = {isa = PBXBuildFile; fileRef = D1E7E172184C0C3F00F3DE38 /* blowfish.c */; };
/* End PBXBuildFile section */

/* Begin PBXContainerItemProxy section */
		D14B82FB183023D900F8B7DA /* PBXContainerItemProxy */ = {
			isa = PBXContainerItemProxy;
			containerPortal = D14B82CD183023D800F8B7DA /* Project object */;
			proxyType = 1;
			remoteGlobalIDString = D14B82D4183023D800F8B7DA;
			remoteInfo = SonosMusicServicesBrowser;
		};
/* End PBXContainerItemProxy section */

/* Begin PBXFileReference section */
		D1273BA01838328900250963 /* SonosMusicServiceManager.h */ = {isa = PBXFileReference; fileEncoding = 4; lastKnownFileType = sourcecode.c.h; path = SonosMusicServiceManager.h; sourceTree = "<group>"; };
		D1273BA11838328900250963 /* SonosMusicServiceManager.m */ = {isa = PBXFileReference; fileEncoding = 4; lastKnownFileType = sourcecode.c.objc; path = SonosMusicServiceManager.m; sourceTree = "<group>"; };
		D12B67EB183DE0D0000931CB /* MusicServicesOauthLoginViewController.h */ = {isa = PBXFileReference; fileEncoding = 4; lastKnownFileType = sourcecode.c.h; path = MusicServicesOauthLoginViewController.h; sourceTree = "<group>"; };
		D12B67EC183DE0D0000931CB /* MusicServicesOauthLoginViewController.m */ = {isa = PBXFileReference; fileEncoding = 4; lastKnownFileType = sourcecode.c.objc; path = MusicServicesOauthLoginViewController.m; sourceTree = "<group>"; };
		D12B67EE183F23B7000931CB /* rdioServices.xml */ = {isa = PBXFileReference; fileEncoding = 4; lastKnownFileType = text.xml; path = rdioServices.xml; sourceTree = "<group>"; };
		D12B67F0183F3D52000931CB /* SonosMusicServicePandora.h */ = {isa = PBXFileReference; fileEncoding = 4; lastKnownFileType = sourcecode.c.h; path = SonosMusicServicePandora.h; sourceTree = "<group>"; };
		D12B67F1183F3D52000931CB /* SonosMusicServicePandora.m */ = {isa = PBXFileReference; fileEncoding = 4; lastKnownFileType = sourcecode.c.objc; path = SonosMusicServicePandora.m; sourceTree = "<group>"; };
		D13C83911839DEF800751BC0 /* MusicServicesViewController.h */ = {isa = PBXFileReference; fileEncoding = 4; lastKnownFileType = sourcecode.c.h; path = MusicServicesViewController.h; sourceTree = "<group>"; };
		D13C83921839DEF900751BC0 /* MusicServicesViewController.m */ = {isa = PBXFileReference; fileEncoding = 4; lastKnownFileType = sourcecode.c.objc; path = MusicServicesViewController.m; sourceTree = "<group>"; };
		D13C83941839E40100751BC0 /* MusicServicesLoginViewController.h */ = {isa = PBXFileReference; fileEncoding = 4; lastKnownFileType = sourcecode.c.h; path = MusicServicesLoginViewController.h; sourceTree = "<group>"; };
		D13C83951839E40100751BC0 /* MusicServicesLoginViewController.m */ = {isa = PBXFileReference; fileEncoding = 4; lastKnownFileType = sourcecode.c.objc; path = MusicServicesLoginViewController.m; sourceTree = "<group>"; };
		D14B82D5183023D800F8B7DA /* SonosMusicServicesBrowser.app */ = {isa = PBXFileReference; explicitFileType = wrapper.application; includeInIndex = 0; path = SonosMusicServicesBrowser.app; sourceTree = BUILT_PRODUCTS_DIR; };
		D14B82D8183023D800F8B7DA /* Foundation.framework */ = {isa = PBXFileReference; lastKnownFileType = wrapper.framework; name = Foundation.framework; path = System/Library/Frameworks/Foundation.framework; sourceTree = SDKROOT; };
		D14B82DA183023D800F8B7DA /* CoreGraphics.framework */ = {isa = PBXFileReference; lastKnownFileType = wrapper.framework; name = CoreGraphics.framework; path = System/Library/Frameworks/CoreGraphics.framework; sourceTree = SDKROOT; };
		D14B82DC183023D800F8B7DA /* UIKit.framework */ = {isa = PBXFileReference; lastKnownFileType = wrapper.framework; name = UIKit.framework; path = System/Library/Frameworks/UIKit.framework; sourceTree = SDKROOT; };
		D14B82E0183023D900F8B7DA /* SonosMusicServicesBrowser-Info.plist */ = {isa = PBXFileReference; lastKnownFileType = text.plist.xml; path = "SonosMusicServicesBrowser-Info.plist"; sourceTree = "<group>"; };
		D14B82E2183023D900F8B7DA /* en */ = {isa = PBXFileReference; lastKnownFileType = text.plist.strings; name = en; path = en.lproj/InfoPlist.strings; sourceTree = "<group>"; };
		D14B82E4183023D900F8B7DA /* main.m */ = {isa = PBXFileReference; lastKnownFileType = sourcecode.c.objc; path = main.m; sourceTree = "<group>"; };
		D14B82E6183023D900F8B7DA /* SonosMusicServicesBrowser-Prefix.pch */ = {isa = PBXFileReference; lastKnownFileType = sourcecode.c.h; path = "SonosMusicServicesBrowser-Prefix.pch"; sourceTree = "<group>"; };
		D14B82E7183023D900F8B7DA /* AppDelegate.h */ = {isa = PBXFileReference; lastKnownFileType = sourcecode.c.h; path = AppDelegate.h; sourceTree = "<group>"; };
		D14B82E8183023D900F8B7DA /* AppDelegate.m */ = {isa = PBXFileReference; lastKnownFileType = sourcecode.c.objc; path = AppDelegate.m; sourceTree = "<group>"; };
		D14B82EB183023D900F8B7DA /* Base */ = {isa = PBXFileReference; lastKnownFileType = file.storyboard; name = Base; path = Base.lproj/Main.storyboard; sourceTree = "<group>"; };
		D14B82ED183023D900F8B7DA /* ViewController.h */ = {isa = PBXFileReference; lastKnownFileType = sourcecode.c.h; path = ViewController.h; sourceTree = "<group>"; };
		D14B82EE183023D900F8B7DA /* ViewController.m */ = {isa = PBXFileReference; lastKnownFileType = sourcecode.c.objc; path = ViewController.m; sourceTree = "<group>"; };
		D14B82F0183023D900F8B7DA /* Images.xcassets */ = {isa = PBXFileReference; lastKnownFileType = folder.assetcatalog; path = Images.xcassets; sourceTree = "<group>"; };
		D14B82F6183023D900F8B7DA /* SonosMusicServicesBrowserTests.xctest */ = {isa = PBXFileReference; explicitFileType = wrapper.cfbundle; includeInIndex = 0; path = SonosMusicServicesBrowserTests.xctest; sourceTree = BUILT_PRODUCTS_DIR; };
		D14B82F7183023D900F8B7DA /* XCTest.framework */ = {isa = PBXFileReference; lastKnownFileType = wrapper.framework; name = XCTest.framework; path = Library/Frameworks/XCTest.framework; sourceTree = DEVELOPER_DIR; };
		D14B82FF183023D900F8B7DA /* SonosMusicServicesBrowserTests-Info.plist */ = {isa = PBXFileReference; lastKnownFileType = text.plist.xml; path = "SonosMusicServicesBrowserTests-Info.plist"; sourceTree = "<group>"; };
		D14B8301183023D900F8B7DA /* en */ = {isa = PBXFileReference; lastKnownFileType = text.plist.strings; name = en; path = en.lproj/InfoPlist.strings; sourceTree = "<group>"; };
		D14B8303183023D900F8B7DA /* SonosMusicServicesBrowserTests.m */ = {isa = PBXFileReference; lastKnownFileType = sourcecode.c.objc; path = SonosMusicServicesBrowserTests.m; sourceTree = "<group>"; };
		D14B830D1830243A00F8B7DA /* XMLReader.h */ = {isa = PBXFileReference; fileEncoding = 4; lastKnownFileType = sourcecode.c.h; name = XMLReader.h; path = ../../../HomeAutomation/iOS/Libraries/Sonos/Play/Play/Vendor/XMLReader.h; sourceTree = "<group>"; };
		D14B830E1830243B00F8B7DA /* XMLReader.m */ = {isa = PBXFileReference; fileEncoding = 4; lastKnownFileType = sourcecode.c.objc; name = XMLReader.m; path = ../../../HomeAutomation/iOS/Libraries/Sonos/Play/Play/Vendor/XMLReader.m; sourceTree = "<group>"; };
		D14B83101830244100F8B7DA /* UPNPDiscovery.h */ = {isa = PBXFileReference; fileEncoding = 4; lastKnownFileType = sourcecode.c.h; name = UPNPDiscovery.h; path = ../../../HomeAutomation/iOS/Libraries/Sonos/Play/Play/UPNPDiscovery.h; sourceTree = "<group>"; };
		D14B83111830244100F8B7DA /* UPNPDiscovery.m */ = {isa = PBXFileReference; fileEncoding = 4; lastKnownFileType = sourcecode.c.objc; name = UPNPDiscovery.m; path = ../../../HomeAutomation/iOS/Libraries/Sonos/Play/Play/UPNPDiscovery.m; sourceTree = "<group>"; };
		D14B83131830245200F8B7DA /* SonosConnection.h */ = {isa = PBXFileReference; fileEncoding = 4; lastKnownFileType = sourcecode.c.h; name = SonosConnection.h; path = ../../../HomeAutomation/iOS/Libraries/Sonos/Play/Play/SonosConnection.h; sourceTree = "<group>"; };
		D14B83141830245200F8B7DA /* SonosConnection.m */ = {isa = PBXFileReference; fileEncoding = 4; lastKnownFileType = sourcecode.c.objc; name = SonosConnection.m; path = ../../../HomeAutomation/iOS/Libraries/Sonos/Play/Play/SonosConnection.m; sourceTree = "<group>"; };
		D14B83151830245200F8B7DA /* SonosController.h */ = {isa = PBXFileReference; fileEncoding = 4; lastKnownFileType = sourcecode.c.h; name = SonosController.h; path = ../../../HomeAutomation/iOS/Libraries/Sonos/Play/Play/SonosController.h; sourceTree = "<group>"; };
		D14B83161830245200F8B7DA /* SonosController.m */ = {isa = PBXFileReference; fileEncoding = 4; lastKnownFileType = sourcecode.c.objc; name = SonosController.m; path = ../../../HomeAutomation/iOS/Libraries/Sonos/Play/Play/SonosController.m; sourceTree = "<group>"; };
		D14B83171830245200F8B7DA /* SonosInput.h */ = {isa = PBXFileReference; fileEncoding = 4; lastKnownFileType = sourcecode.c.h; name = SonosInput.h; path = ../../../HomeAutomation/iOS/Libraries/Sonos/Play/Play/SonosInput.h; sourceTree = "<group>"; };
		D14B83181830245200F8B7DA /* SonosInput.m */ = {isa = PBXFileReference; fileEncoding = 4; lastKnownFileType = sourcecode.c.objc; name = SonosInput.m; path = ../../../HomeAutomation/iOS/Libraries/Sonos/Play/Play/SonosInput.m; sourceTree = "<group>"; };
		D14B83191830245200F8B7DA /* SonosInputStore.h */ = {isa = PBXFileReference; fileEncoding = 4; lastKnownFileType = sourcecode.c.h; name = SonosInputStore.h; path = ../../../HomeAutomation/iOS/Libraries/Sonos/Play/Play/SonosInputStore.h; sourceTree = "<group>"; };
		D14B831A1830245200F8B7DA /* SonosInputStore.m */ = {isa = PBXFileReference; fileEncoding = 4; lastKnownFileType = sourcecode.c.objc; name = SonosInputStore.m; path = ../../../HomeAutomation/iOS/Libraries/Sonos/Play/Play/SonosInputStore.m; sourceTree = "<group>"; };
		D14B831F18302E1B00F8B7DA /* GCDAsyncUdpSocket.h */ = {isa = PBXFileReference; fileEncoding = 4; lastKnownFileType = sourcecode.c.h; name = GCDAsyncUdpSocket.h; path = ../../../HomeAutomation/iOS/Libraries/Sonos/Play/Play/GCDAsyncUdpSocket.h; sourceTree = "<group>"; };
		D14B832018302E1B00F8B7DA /* GCDAsyncUdpSocket.m */ = {isa = PBXFileReference; fileEncoding = 4; lastKnownFileType = sourcecode.c.objc; name = GCDAsyncUdpSocket.m; path = ../../../HomeAutomation/iOS/Libraries/Sonos/Play/Play/GCDAsyncUdpSocket.m; sourceTree = "<group>"; };
		D14B83241830366B00F8B7DA /* SonosMusicService.h */ = {isa = PBXFileReference; fileEncoding = 4; lastKnownFileType = sourcecode.c.h; path = SonosMusicService.h; sourceTree = "<group>"; };
		D14B83251830366B00F8B7DA /* SonosMusicService.m */ = {isa = PBXFileReference; fileEncoding = 4; lastKnownFileType = sourcecode.c.objc; path = SonosMusicService.m; sourceTree = "<group>"; };
		D14B8327183054E600F8B7DA /* SonosMusicServiceItem.h */ = {isa = PBXFileReference; fileEncoding = 4; lastKnownFileType = sourcecode.c.h; path = SonosMusicServiceItem.h; sourceTree = "<group>"; };
		D14B8328183054E600F8B7DA /* SonosMusicServiceItem.m */ = {isa = PBXFileReference; fileEncoding = 4; lastKnownFileType = sourcecode.c.objc; path = SonosMusicServiceItem.m; sourceTree = "<group>"; };
		D14B832A1830595100F8B7DA /* MusicBroswerViewController.h */ = {isa = PBXFileReference; fileEncoding = 4; lastKnownFileType = sourcecode.c.h; path = MusicBroswerViewController.h; sourceTree = "<group>"; };
		D14B832B1830595100F8B7DA /* MusicBroswerViewController.m */ = {isa = PBXFileReference; fileEncoding = 4; lastKnownFileType = sourcecode.c.objc; path = MusicBroswerViewController.m; sourceTree = "<group>"; };
		D19739A81839942E00D7EF42 /* SonosMusicServiceItemCollection.h */ = {isa = PBXFileReference; fileEncoding = 4; lastKnownFileType = sourcecode.c.h; path = SonosMusicServiceItemCollection.h; sourceTree = "<group>"; };
		D19739A91839942E00D7EF42 /* SonosMusicServiceItemCollection.m */ = {isa = PBXFileReference; fileEncoding = 4; lastKnownFileType = sourcecode.c.objc; path = SonosMusicServiceItemCollection.m; sourceTree = "<group>"; };
		D19739AB1839944400D7EF42 /* SonosMusicServiceItemMedia.h */ = {isa = PBXFileReference; fileEncoding = 4; lastKnownFileType = sourcecode.c.h; path = SonosMusicServiceItemMedia.h; sourceTree = "<group>"; };
		D19739AC1839944400D7EF42 /* SonosMusicServiceItemMedia.m */ = {isa = PBXFileReference; fileEncoding = 4; lastKnownFileType = sourcecode.c.objc; path = SonosMusicServiceItemMedia.m; sourceTree = "<group>"; };
		D1E7E170184C0A9A00F3DE38 /* Security.framework */ = {isa = PBXFileReference; lastKnownFileType = wrapper.framework; name = Security.framework; path = System/Library/Frameworks/Security.framework; sourceTree = SDKROOT; };
		D1E7E172184C0C3F00F3DE38 /* blowfish.c */ = {isa = PBXFileReference; fileEncoding = 4; lastKnownFileType = sourcecode.c.c; path = blowfish.c; sourceTree = "<group>"; };
		D1E7E174184C0F3A00F3DE38 /* blowfish.h */ = {isa = PBXFileReference; fileEncoding = 4; lastKnownFileType = sourcecode.c.h; path = blowfish.h; sourceTree = "<group>"; };
/* End PBXFileReference section */

/* Begin PBXFrameworksBuildPhase section */
		D14B82D2183023D800F8B7DA /* Frameworks */ = {
			isa = PBXFrameworksBuildPhase;
			buildActionMask = 2147483647;
			files = (
				D1E7E171184C0A9A00F3DE38 /* Security.framework in Frameworks */,
				D14B82DB183023D800F8B7DA /* CoreGraphics.framework in Frameworks */,
				D14B82DD183023D800F8B7DA /* UIKit.framework in Frameworks */,
				D14B82D9183023D800F8B7DA /* Foundation.framework in Frameworks */,
			);
			runOnlyForDeploymentPostprocessing = 0;
		};
		D14B82F3183023D900F8B7DA /* Frameworks */ = {
			isa = PBXFrameworksBuildPhase;
			buildActionMask = 2147483647;
			files = (
				D14B82F8183023D900F8B7DA /* XCTest.framework in Frameworks */,
				D14B82FA183023D900F8B7DA /* UIKit.framework in Frameworks */,
				D14B82F9183023D900F8B7DA /* Foundation.framework in Frameworks */,
			);
			runOnlyForDeploymentPostprocessing = 0;
		};
/* End PBXFrameworksBuildPhase section */

/* Begin PBXGroup section */
		D14B82CC183023D800F8B7DA = {
			isa = PBXGroup;
			children = (
				D14B82DE183023D800F8B7DA /* SonosMusicServicesBrowser */,
				D14B82FD183023D900F8B7DA /* SonosMusicServicesBrowserTests */,
				D14B82D7183023D800F8B7DA /* Frameworks */,
				D14B82D6183023D800F8B7DA /* Products */,
			);
			sourceTree = "<group>";
		};
		D14B82D6183023D800F8B7DA /* Products */ = {
			isa = PBXGroup;
			children = (
				D14B82D5183023D800F8B7DA /* SonosMusicServicesBrowser.app */,
				D14B82F6183023D900F8B7DA /* SonosMusicServicesBrowserTests.xctest */,
			);
			name = Products;
			sourceTree = "<group>";
		};
		D14B82D7183023D800F8B7DA /* Frameworks */ = {
			isa = PBXGroup;
			children = (
				D1E7E170184C0A9A00F3DE38 /* Security.framework */,
				D14B82D8183023D800F8B7DA /* Foundation.framework */,
				D14B82DA183023D800F8B7DA /* CoreGraphics.framework */,
				D14B82DC183023D800F8B7DA /* UIKit.framework */,
				D14B82F7183023D900F8B7DA /* XCTest.framework */,
			);
			name = Frameworks;
			sourceTree = "<group>";
		};
		D14B82DE183023D800F8B7DA /* SonosMusicServicesBrowser */ = {
			isa = PBXGroup;
			children = (
				D12B67EE183F23B7000931CB /* rdioServices.xml */,
				D14B83231830362900F8B7DA /* Browse */,
				D14B83221830361D00F8B7DA /* Sonos */,
				D14B82E7183023D900F8B7DA /* AppDelegate.h */,
				D14B82E8183023D900F8B7DA /* AppDelegate.m */,
				D14B82EA183023D900F8B7DA /* Main.storyboard */,
				D14B82ED183023D900F8B7DA /* ViewController.h */,
				D14B82EE183023D900F8B7DA /* ViewController.m */,
				D14B82F0183023D900F8B7DA /* Images.xcassets */,
				D14B82DF183023D900F8B7DA /* Supporting Files */,
				D14B832A1830595100F8B7DA /* MusicBroswerViewController.h */,
				D14B832B1830595100F8B7DA /* MusicBroswerViewController.m */,
				D13C83911839DEF800751BC0 /* MusicServicesViewController.h */,
				D13C83921839DEF900751BC0 /* MusicServicesViewController.m */,
				D13C83941839E40100751BC0 /* MusicServicesLoginViewController.h */,
				D13C83951839E40100751BC0 /* MusicServicesLoginViewController.m */,
				D12B67EB183DE0D0000931CB /* MusicServicesOauthLoginViewController.h */,
				D12B67EC183DE0D0000931CB /* MusicServicesOauthLoginViewController.m */,
			);
			path = SonosMusicServicesBrowser;
			sourceTree = "<group>";
		};
		D14B82DF183023D900F8B7DA /* Supporting Files */ = {
			isa = PBXGroup;
			children = (
				D14B82E0183023D900F8B7DA /* SonosMusicServicesBrowser-Info.plist */,
				D14B82E1183023D900F8B7DA /* InfoPlist.strings */,
				D14B82E4183023D900F8B7DA /* main.m */,
				D14B82E6183023D900F8B7DA /* SonosMusicServicesBrowser-Prefix.pch */,
			);
			name = "Supporting Files";
			sourceTree = "<group>";
		};
		D14B82FD183023D900F8B7DA /* SonosMusicServicesBrowserTests */ = {
			isa = PBXGroup;
			children = (
				D14B8303183023D900F8B7DA /* SonosMusicServicesBrowserTests.m */,
				D14B82FE183023D900F8B7DA /* Supporting Files */,
			);
			path = SonosMusicServicesBrowserTests;
			sourceTree = "<group>";
		};
		D14B82FE183023D900F8B7DA /* Supporting Files */ = {
			isa = PBXGroup;
			children = (
				D14B82FF183023D900F8B7DA /* SonosMusicServicesBrowserTests-Info.plist */,
				D14B8300183023D900F8B7DA /* InfoPlist.strings */,
			);
			name = "Supporting Files";
			sourceTree = "<group>";
		};
		D14B83221830361D00F8B7DA /* Sonos */ = {
			isa = PBXGroup;
			children = (
				D14B831F18302E1B00F8B7DA /* GCDAsyncUdpSocket.h */,
				D14B832018302E1B00F8B7DA /* GCDAsyncUdpSocket.m */,
				D14B83131830245200F8B7DA /* SonosConnection.h */,
				D14B83141830245200F8B7DA /* SonosConnection.m */,
				D14B83151830245200F8B7DA /* SonosController.h */,
				D14B83161830245200F8B7DA /* SonosController.m */,
				D14B83171830245200F8B7DA /* SonosInput.h */,
				D14B83181830245200F8B7DA /* SonosInput.m */,
				D14B83191830245200F8B7DA /* SonosInputStore.h */,
				D14B831A1830245200F8B7DA /* SonosInputStore.m */,
				D14B83101830244100F8B7DA /* UPNPDiscovery.h */,
				D14B83111830244100F8B7DA /* UPNPDiscovery.m */,
				D14B830D1830243A00F8B7DA /* XMLReader.h */,
				D14B830E1830243B00F8B7DA /* XMLReader.m */,
			);
			name = Sonos;
			sourceTree = "<group>";
		};
		D14B83231830362900F8B7DA /* Browse */ = {
			isa = PBXGroup;
			children = (
				D1E7E174184C0F3A00F3DE38 /* blowfish.h */,
				D1E7E172184C0C3F00F3DE38 /* blowfish.c */,
				D1273BA01838328900250963 /* SonosMusicServiceManager.h */,
				D1273BA11838328900250963 /* SonosMusicServiceManager.m */,
				D14B83241830366B00F8B7DA /* SonosMusicService.h */,
				D14B83251830366B00F8B7DA /* SonosMusicService.m */,
				D14B8327183054E600F8B7DA /* SonosMusicServiceItem.h */,
				D14B8328183054E600F8B7DA /* SonosMusicServiceItem.m */,
				D19739A81839942E00D7EF42 /* SonosMusicServiceItemCollection.h */,
				D19739A91839942E00D7EF42 /* SonosMusicServiceItemCollection.m */,
				D19739AB1839944400D7EF42 /* SonosMusicServiceItemMedia.h */,
				D19739AC1839944400D7EF42 /* SonosMusicServiceItemMedia.m */,
				D12B67F0183F3D52000931CB /* SonosMusicServicePandora.h */,
				D12B67F1183F3D52000931CB /* SonosMusicServicePandora.m */,
			);
			name = Browse;
			sourceTree = "<group>";
		};
/* End PBXGroup section */

/* Begin PBXNativeTarget section */
		D14B82D4183023D800F8B7DA /* SonosMusicServicesBrowser */ = {
			isa = PBXNativeTarget;
			buildConfigurationList = D14B8307183023D900F8B7DA /* Build configuration list for PBXNativeTarget "SonosMusicServicesBrowser" */;
			buildPhases = (
				D14B82D1183023D800F8B7DA /* Sources */,
				D14B82D2183023D800F8B7DA /* Frameworks */,
				D14B82D3183023D800F8B7DA /* Resources */,
			);
			buildRules = (
			);
			dependencies = (
			);
			name = SonosMusicServicesBrowser;
			productName = SonosMusicServicesBrowser;
			productReference = D14B82D5183023D800F8B7DA /* SonosMusicServicesBrowser.app */;
			productType = "com.apple.product-type.application";
		};
		D14B82F5183023D900F8B7DA /* SonosMusicServicesBrowserTests */ = {
			isa = PBXNativeTarget;
			buildConfigurationList = D14B830A183023DA00F8B7DA /* Build configuration list for PBXNativeTarget "SonosMusicServicesBrowserTests" */;
			buildPhases = (
				D14B82F2183023D900F8B7DA /* Sources */,
				D14B82F3183023D900F8B7DA /* Frameworks */,
				D14B82F4183023D900F8B7DA /* Resources */,
			);
			buildRules = (
			);
			dependencies = (
				D14B82FC183023D900F8B7DA /* PBXTargetDependency */,
			);
			name = SonosMusicServicesBrowserTests;
			productName = SonosMusicServicesBrowserTests;
			productReference = D14B82F6183023D900F8B7DA /* SonosMusicServicesBrowserTests.xctest */;
			productType = "com.apple.product-type.bundle.unit-test";
		};
/* End PBXNativeTarget section */

/* Begin PBXProject section */
		D14B82CD183023D800F8B7DA /* Project object */ = {
			isa = PBXProject;
			attributes = {
				LastUpgradeCheck = 0500;
				ORGANIZATIONNAME = "Drew Ingebretsen";
				TargetAttributes = {
					D14B82F5183023D900F8B7DA = {
						TestTargetID = D14B82D4183023D800F8B7DA;
					};
				};
			};
			buildConfigurationList = D14B82D0183023D800F8B7DA /* Build configuration list for PBXProject "SonosMusicServicesBrowser" */;
			compatibilityVersion = "Xcode 3.2";
			developmentRegion = English;
			hasScannedForEncodings = 0;
			knownRegions = (
				en,
				Base,
			);
			mainGroup = D14B82CC183023D800F8B7DA;
			productRefGroup = D14B82D6183023D800F8B7DA /* Products */;
			projectDirPath = "";
			projectRoot = "";
			targets = (
				D14B82D4183023D800F8B7DA /* SonosMusicServicesBrowser */,
				D14B82F5183023D900F8B7DA /* SonosMusicServicesBrowserTests */,
			);
		};
/* End PBXProject section */

/* Begin PBXResourcesBuildPhase section */
		D14B82D3183023D800F8B7DA /* Resources */ = {
			isa = PBXResourcesBuildPhase;
			buildActionMask = 2147483647;
			files = (
				D14B82F1183023D900F8B7DA /* Images.xcassets in Resources */,
				D12B67EF183F23B8000931CB /* rdioServices.xml in Resources */,
				D14B82E3183023D900F8B7DA /* InfoPlist.strings in Resources */,
				D14B82EC183023D900F8B7DA /* Main.storyboard in Resources */,
			);
			runOnlyForDeploymentPostprocessing = 0;
		};
		D14B82F4183023D900F8B7DA /* Resources */ = {
			isa = PBXResourcesBuildPhase;
			buildActionMask = 2147483647;
			files = (
				D14B8302183023D900F8B7DA /* InfoPlist.strings in Resources */,
			);
			runOnlyForDeploymentPostprocessing = 0;
		};
/* End PBXResourcesBuildPhase section */

/* Begin PBXSourcesBuildPhase section */
		D14B82D1183023D800F8B7DA /* Sources */ = {
			isa = PBXSourcesBuildPhase;
			buildActionMask = 2147483647;
			files = (
				D12B67ED183DE0D0000931CB /* MusicServicesOauthLoginViewController.m in Sources */,
				D14B831C1830245200F8B7DA /* SonosController.m in Sources */,
				D14B8329183054E600F8B7DA /* SonosMusicServiceItem.m in Sources */,
				D14B831D1830245200F8B7DA /* SonosInput.m in Sources */,
				D14B831B1830245200F8B7DA /* SonosConnection.m in Sources */,
				D19739AA1839942E00D7EF42 /* SonosMusicServiceItemCollection.m in Sources */,
				D1273BA21838328900250963 /* SonosMusicServiceManager.m in Sources */,
				D13C83961839E40100751BC0 /* MusicServicesLoginViewController.m in Sources */,
				D14B82EF183023D900F8B7DA /* ViewController.m in Sources */,
				D14B832C1830595100F8B7DA /* MusicBroswerViewController.m in Sources */,
				D14B82E9183023D900F8B7DA /* AppDelegate.m in Sources */,
				D14B83261830366B00F8B7DA /* SonosMusicService.m in Sources */,
				D19739AD1839944400D7EF42 /* SonosMusicServiceItemMedia.m in Sources */,
				D13C83931839DEF900751BC0 /* MusicServicesViewController.m in Sources */,
				D14B83121830244100F8B7DA /* UPNPDiscovery.m in Sources */,
				D1E7E173184C0C3F00F3DE38 /* blowfish.c in Sources */,
				D14B832118302E1B00F8B7DA /* GCDAsyncUdpSocket.m in Sources */,
				D14B831E1830245200F8B7DA /* SonosInputStore.m in Sources */,
				D14B830F1830243B00F8B7DA /* XMLReader.m in Sources */,
				D12B67F2183F3D52000931CB /* SonosMusicServicePandora.m in Sources */,
				D14B82E5183023D900F8B7DA /* main.m in Sources */,
			);
			runOnlyForDeploymentPostprocessing = 0;
		};
		D14B82F2183023D900F8B7DA /* Sources */ = {
			isa = PBXSourcesBuildPhase;
			buildActionMask = 2147483647;
			files = (
				D14B8304183023D900F8B7DA /* SonosMusicServicesBrowserTests.m in Sources */,
			);
			runOnlyForDeploymentPostprocessing = 0;
		};
/* End PBXSourcesBuildPhase section */

/* Begin PBXTargetDependency section */
		D14B82FC183023D900F8B7DA /* PBXTargetDependency */ = {
			isa = PBXTargetDependency;
			target = D14B82D4183023D800F8B7DA /* SonosMusicServicesBrowser */;
			targetProxy = D14B82FB183023D900F8B7DA /* PBXContainerItemProxy */;
		};
/* End PBXTargetDependency section */

/* Begin PBXVariantGroup section */
		D14B82E1183023D900F8B7DA /* InfoPlist.strings */ = {
			isa = PBXVariantGroup;
			children = (
				D14B82E2183023D900F8B7DA /* en */,
			);
			name = InfoPlist.strings;
			sourceTree = "<group>";
		};
		D14B82EA183023D900F8B7DA /* Main.storyboard */ = {
			isa = PBXVariantGroup;
			children = (
				D14B82EB183023D900F8B7DA /* Base */,
			);
			name = Main.storyboard;
			sourceTree = "<group>";
		};
		D14B8300183023D900F8B7DA /* InfoPlist.strings */ = {
			isa = PBXVariantGroup;
			children = (
				D14B8301183023D900F8B7DA /* en */,
			);
			name = InfoPlist.strings;
			sourceTree = "<group>";
		};
/* End PBXVariantGroup section */

/* Begin XCBuildConfiguration section */
		D14B8305183023D900F8B7DA /* Debug */ = {
			isa = XCBuildConfiguration;
			buildSettings = {
				ALWAYS_SEARCH_USER_PATHS = NO;
				ARCHS = "$(ARCHS_STANDARD_INCLUDING_64_BIT)";
				CLANG_CXX_LANGUAGE_STANDARD = "gnu++0x";
				CLANG_CXX_LIBRARY = "libc++";
				CLANG_ENABLE_MODULES = YES;
				CLANG_ENABLE_OBJC_ARC = YES;
				CLANG_WARN_BOOL_CONVERSION = YES;
				CLANG_WARN_CONSTANT_CONVERSION = YES;
				CLANG_WARN_DIRECT_OBJC_ISA_USAGE = YES_ERROR;
				CLANG_WARN_EMPTY_BODY = YES;
				CLANG_WARN_ENUM_CONVERSION = YES;
				CLANG_WARN_INT_CONVERSION = YES;
				CLANG_WARN_OBJC_ROOT_CLASS = YES_ERROR;
				CLANG_WARN__DUPLICATE_METHOD_MATCH = YES;
				"CODE_SIGN_IDENTITY[sdk=iphoneos*]" = "iPhone Developer";
				COPY_PHASE_STRIP = NO;
				GCC_C_LANGUAGE_STANDARD = gnu99;
				GCC_DYNAMIC_NO_PIC = NO;
				GCC_OPTIMIZATION_LEVEL = 0;
				GCC_PREPROCESSOR_DEFINITIONS = (
					"DEBUG=1",
					"$(inherited)",
				);
				GCC_SYMBOLS_PRIVATE_EXTERN = NO;
				GCC_WARN_64_TO_32_BIT_CONVERSION = YES;
				GCC_WARN_ABOUT_RETURN_TYPE = YES_ERROR;
				GCC_WARN_UNDECLARED_SELECTOR = YES;
				GCC_WARN_UNINITIALIZED_AUTOS = YES;
				GCC_WARN_UNUSED_FUNCTION = YES;
				GCC_WARN_UNUSED_VARIABLE = YES;
				IPHONEOS_DEPLOYMENT_TARGET = 7.0;
				ONLY_ACTIVE_ARCH = YES;
				SDKROOT = iphoneos;
			};
			name = Debug;
		};
		D14B8306183023D900F8B7DA /* Release */ = {
			isa = XCBuildConfiguration;
			buildSettings = {
				ALWAYS_SEARCH_USER_PATHS = NO;
				ARCHS = "$(ARCHS_STANDARD_INCLUDING_64_BIT)";
				CLANG_CXX_LANGUAGE_STANDARD = "gnu++0x";
				CLANG_CXX_LIBRARY = "libc++";
				CLANG_ENABLE_MODULES = YES;
				CLANG_ENABLE_OBJC_ARC = YES;
				CLANG_WARN_BOOL_CONVERSION = YES;
				CLANG_WARN_CONSTANT_CONVERSION = YES;
				CLANG_WARN_DIRECT_OBJC_ISA_USAGE = YES_ERROR;
				CLANG_WARN_EMPTY_BODY = YES;
				CLANG_WARN_ENUM_CONVERSION = YES;
				CLANG_WARN_INT_CONVERSION = YES;
				CLANG_WARN_OBJC_ROOT_CLASS = YES_ERROR;
				CLANG_WARN__DUPLICATE_METHOD_MATCH = YES;
				"CODE_SIGN_IDENTITY[sdk=iphoneos*]" = "iPhone Developer";
				COPY_PHASE_STRIP = YES;
				ENABLE_NS_ASSERTIONS = NO;
				GCC_C_LANGUAGE_STANDARD = gnu99;
				GCC_WARN_64_TO_32_BIT_CONVERSION = YES;
				GCC_WARN_ABOUT_RETURN_TYPE = YES_ERROR;
				GCC_WARN_UNDECLARED_SELECTOR = YES;
				GCC_WARN_UNINITIALIZED_AUTOS = YES;
				GCC_WARN_UNUSED_FUNCTION = YES;
				GCC_WARN_UNUSED_VARIABLE = YES;
				IPHONEOS_DEPLOYMENT_TARGET = 7.0;
				SDKROOT = iphoneos;
				VALIDATE_PRODUCT = YES;
			};
			name = Release;
		};
		D14B8308183023D900F8B7DA /* Debug */ = {
			isa = XCBuildConfiguration;
			buildSettings = {
				ASSETCATALOG_COMPILER_APPICON_NAME = AppIcon;
				ASSETCATALOG_COMPILER_LAUNCHIMAGE_NAME = LaunchImage;
				GCC_PRECOMPILE_PREFIX_HEADER = YES;
				GCC_PREFIX_HEADER = "SonosMusicServicesBrowser/SonosMusicServicesBrowser-Prefix.pch";
				INFOPLIST_FILE = "SonosMusicServicesBrowser/SonosMusicServicesBrowser-Info.plist";
				PRODUCT_NAME = "$(TARGET_NAME)";
				WRAPPER_EXTENSION = app;
			};
			name = Debug;
		};
		D14B8309183023D900F8B7DA /* Release */ = {
			isa = XCBuildConfiguration;
			buildSettings = {
				ASSETCATALOG_COMPILER_APPICON_NAME = AppIcon;
				ASSETCATALOG_COMPILER_LAUNCHIMAGE_NAME = LaunchImage;
				GCC_PRECOMPILE_PREFIX_HEADER = YES;
				GCC_PREFIX_HEADER = "SonosMusicServicesBrowser/SonosMusicServicesBrowser-Prefix.pch";
				INFOPLIST_FILE = "SonosMusicServicesBrowser/SonosMusicServicesBrowser-Info.plist";
				PRODUCT_NAME = "$(TARGET_NAME)";
				WRAPPER_EXTENSION = app;
			};
			name = Release;
		};
		D14B830B183023DA00F8B7DA /* Debug */ = {
			isa = XCBuildConfiguration;
			buildSettings = {
				ARCHS = "$(ARCHS_STANDARD_INCLUDING_64_BIT)";
				BUNDLE_LOADER = "$(BUILT_PRODUCTS_DIR)/SonosMusicServicesBrowser.app/SonosMusicServicesBrowser";
				FRAMEWORK_SEARCH_PATHS = (
					"$(SDKROOT)/Developer/Library/Frameworks",
					"$(inherited)",
					"$(DEVELOPER_FRAMEWORKS_DIR)",
				);
				GCC_PRECOMPILE_PREFIX_HEADER = YES;
				GCC_PREFIX_HEADER = "SonosMusicServicesBrowser/SonosMusicServicesBrowser-Prefix.pch";
				GCC_PREPROCESSOR_DEFINITIONS = (
					"DEBUG=1",
					"$(inherited)",
				);
				INFOPLIST_FILE = "SonosMusicServicesBrowserTests/SonosMusicServicesBrowserTests-Info.plist";
				PRODUCT_NAME = "$(TARGET_NAME)";
				TEST_HOST = "$(BUNDLE_LOADER)";
				WRAPPER_EXTENSION = xctest;
			};
			name = Debug;
		};
		D14B830C183023DA00F8B7DA /* Release */ = {
			isa = XCBuildConfiguration;
			buildSettings = {
				ARCHS = "$(ARCHS_STANDARD_INCLUDING_64_BIT)";
				BUNDLE_LOADER = "$(BUILT_PRODUCTS_DIR)/SonosMusicServicesBrowser.app/SonosMusicServicesBrowser";
				FRAMEWORK_SEARCH_PATHS = (
					"$(SDKROOT)/Developer/Library/Frameworks",
					"$(inherited)",
					"$(DEVELOPER_FRAMEWORKS_DIR)",
				);
				GCC_PRECOMPILE_PREFIX_HEADER = YES;
				GCC_PREFIX_HEADER = "SonosMusicServicesBrowser/SonosMusicServicesBrowser-Prefix.pch";
				INFOPLIST_FILE = "SonosMusicServicesBrowserTests/SonosMusicServicesBrowserTests-Info.plist";
				PRODUCT_NAME = "$(TARGET_NAME)";
				TEST_HOST = "$(BUNDLE_LOADER)";
				WRAPPER_EXTENSION = xctest;
			};
			name = Release;
		};
/* End XCBuildConfiguration section */

/* Begin XCConfigurationList section */
		D14B82D0183023D800F8B7DA /* Build configuration list for PBXProject "SonosMusicServicesBrowser" */ = {
			isa = XCConfigurationList;
			buildConfigurations = (
				D14B8305183023D900F8B7DA /* Debug */,
				D14B8306183023D900F8B7DA /* Release */,
			);
			defaultConfigurationIsVisible = 0;
			defaultConfigurationName = Release;
		};
		D14B8307183023D900F8B7DA /* Build configuration list for PBXNativeTarget "SonosMusicServicesBrowser" */ = {
			isa = XCConfigurationList;
			buildConfigurations = (
				D14B8308183023D900F8B7DA /* Debug */,
				D14B8309183023D900F8B7DA /* Release */,
			);
			defaultConfigurationIsVisible = 0;
			defaultConfigurationName = Release;
		};
		D14B830A183023DA00F8B7DA /* Build configuration list for PBXNativeTarget "SonosMusicServicesBrowserTests" */ = {
			isa = XCConfigurationList;
			buildConfigurations = (
				D14B830B183023DA00F8B7DA /* Debug */,
				D14B830C183023DA00F8B7DA /* Release */,
			);
			defaultConfigurationIsVisible = 0;
			defaultConfigurationName = Release;
		};
/* End XCConfigurationList section */
	};
	rootObject = D14B82CD183023D800F8B7DA /* Project object */;
}
